
Microsoft Visual Studio Solution File, Format Version 12.00
# Visual Studio Version 17
VisualStudioVersion = 17.4.33213.308
MinimumVisualStudioVersion = 10.0.40219.1
Project("{FAE04EC0-301F-11D3-BF4B-00C04F79EFBC}") = "moneyproject", "moneyproject\moneyproject.csproj", "{BAD472B8-A6F1-4F17-BE15-B89761021255}"
EndProject
Global
	GlobalSection(SolutionConfigurationPlatforms) = preSolution
		Debug|Any CPU = Debug|Any CPU
		Release|Any CPU = Release|Any CPU
	EndGlobalSection
	GlobalSection(ProjectConfigurationPlatforms) = postSolution
		{BAD472B8-A6F1-4F17-BE15-B89761021255}.Debug|Any CPU.ActiveCfg = Debug|Any CPU
		{BAD472B8-A6F1-4F17-BE15-B89761021255}.Debug|Any CPU.Build.0 = Debug|Any CPU
		{BAD472B8-A6F1-4F17-BE15-B89761021255}.Release|Any CPU.ActiveCfg = Release|Any CPU
		{BAD472B8-A6F1-4F17-BE15-B89761021255}.Release|Any CPU.Build.0 = Release|Any CPU
	EndGlobalSection
	GlobalSection(SolutionProperties) = preSolution
		HideSolutionNode = FALSE
	EndGlobalSection
	GlobalSection(ExtensibilityGlobals) = postSolution
		SolutionGuid = {432677F5-6155-4B32-B27E-B762533BD988}
	EndGlobalSection
EndGlobal
